
Microsoft Visual Studio Solution File, Format Version 12.00
# Visual Studio 15
VisualStudioVersion = 15.0.28010.2050
MinimumVisualStudioVersion = 10.0.40219.1
Project("{9A19103F-16F7-4668-BE54-9A1E7A4F7556}") = "TimeTracker.Web", "TimeTracker\TimeTracker.Web.csproj", "{2B11CD83-35A1-4301-89AE-82C0C73673DC}"
EndProject
Project("{9A19103F-16F7-4668-BE54-9A1E7A4F7556}") = "TimeTracker.BusinessLogic", "TimeTracker.BusinessLogic\TimeTracker.BusinessLogic.csproj", "{79ED9C82-B5F8-4F74-BC08-86323EAC696F}"
EndProject
Project("{FAE04EC0-301F-11D3-BF4B-00C04F79EFBC}") = "TimeTracker.DataAccess", "TimeTracker.DataAccess\TimeTracker.DataAccess.csproj", "{ACBAF333-2903-4EB9-AAFA-AA273BACFE97}"
EndProject
Global
	GlobalSection(SolutionConfigurationPlatforms) = preSolution
		Debug|Any CPU = Debug|Any CPU
		Release|Any CPU = Release|Any CPU
	EndGlobalSection
	GlobalSection(ProjectConfigurationPlatforms) = postSolution
		{2B11CD83-35A1-4301-89AE-82C0C73673DC}.Debug|Any CPU.ActiveCfg = Debug|Any CPU
		{2B11CD83-35A1-4301-89AE-82C0C73673DC}.Debug|Any CPU.Build.0 = Debug|Any CPU
		{2B11CD83-35A1-4301-89AE-82C0C73673DC}.Release|Any CPU.ActiveCfg = Release|Any CPU
		{2B11CD83-35A1-4301-89AE-82C0C73673DC}.Release|Any CPU.Build.0 = Release|Any CPU
		{79ED9C82-B5F8-4F74-BC08-86323EAC696F}.Debug|Any CPU.ActiveCfg = Debug|Any CPU
		{79ED9C82-B5F8-4F74-BC08-86323EAC696F}.Debug|Any CPU.Build.0 = Debug|Any CPU
		{79ED9C82-B5F8-4F74-BC08-86323EAC696F}.Release|Any CPU.ActiveCfg = Release|Any CPU
		{79ED9C82-B5F8-4F74-BC08-86323EAC696F}.Release|Any CPU.Build.0 = Release|Any CPU
		{ACBAF333-2903-4EB9-AAFA-AA273BACFE97}.Debug|Any CPU.ActiveCfg = Debug|Any CPU
		{ACBAF333-2903-4EB9-AAFA-AA273BACFE97}.Debug|Any CPU.Build.0 = Debug|Any CPU
		{ACBAF333-2903-4EB9-AAFA-AA273BACFE97}.Release|Any CPU.ActiveCfg = Release|Any CPU
		{ACBAF333-2903-4EB9-AAFA-AA273BACFE97}.Release|Any CPU.Build.0 = Release|Any CPU
	EndGlobalSection
	GlobalSection(SolutionProperties) = preSolution
		HideSolutionNode = FALSE
	EndGlobalSection
	GlobalSection(ExtensibilityGlobals) = postSolution
		SolutionGuid = {DA158C2A-2FF2-4B54-AC62-5A63A752B5C4}
	EndGlobalSection
EndGlobal
